
Microsoft Visual Studio Solution File, Format Version 12.00
# Visual Studio 15
VisualStudioVersion = 15.0.28010.2026
MinimumVisualStudioVersion = 10.0.40219.1
Project("{FAE04EC0-301F-11D3-BF4B-00C04F79EFBC}") = "UrhoLearning", "UrhoLearning\UrhoLearning.csproj", "{C0170BB6-9DB1-465F-B184-DB43513C4341}"
EndProject
Global
	GlobalSection(SolutionConfigurationPlatforms) = preSolution
		Debug|Any CPU = Debug|Any CPU
		Release|Any CPU = Release|Any CPU
	EndGlobalSection
	GlobalSection(ProjectConfigurationPlatforms) = postSolution
		{C0170BB6-9DB1-465F-B184-DB43513C4341}.Debug|Any CPU.ActiveCfg = Debug|Any CPU
		{C0170BB6-9DB1-465F-B184-DB43513C4341}.Debug|Any CPU.Build.0 = Debug|Any CPU
		{C0170BB6-9DB1-465F-B184-DB43513C4341}.Release|Any CPU.ActiveCfg = Release|Any CPU
		{C0170BB6-9DB1-465F-B184-DB43513C4341}.Release|Any CPU.Build.0 = Release|Any CPU
	EndGlobalSection
	GlobalSection(SolutionProperties) = preSolution
		HideSolutionNode = FALSE
	EndGlobalSection
	GlobalSection(ExtensibilityGlobals) = postSolution
		SolutionGuid = {EDDE89E5-B3FB-452B-B3C5-689267853D60}
	EndGlobalSection
EndGlobal
